
Microsoft Visual Studio Solution File, Format Version 12.00
# Visual Studio Version 17
VisualStudioVersion = 17.1.32414.318
MinimumVisualStudioVersion = 10.0.40219.1
Project("{FAE04EC0-301F-11D3-BF4B-00C04F79EFBC}") = "PhoneBook", "PhoneBook\PhoneBook.csproj", "{1C8B79C4-043C-4801-8991-80B659D6365E}"
EndProject
Global
	GlobalSection(SolutionConfigurationPlatforms) = preSolution
		Debug|Any CPU = Debug|Any CPU
		Release|Any CPU = Release|Any CPU
	EndGlobalSection
	GlobalSection(ProjectConfigurationPlatforms) = postSolution
		{1C8B79C4-043C-4801-8991-80B659D6365E}.Debug|Any CPU.ActiveCfg = Debug|Any CPU
		{1C8B79C4-043C-4801-8991-80B659D6365E}.Debug|Any CPU.Build.0 = Debug|Any CPU
		{1C8B79C4-043C-4801-8991-80B659D6365E}.Release|Any CPU.ActiveCfg = Release|Any CPU
		{1C8B79C4-043C-4801-8991-80B659D6365E}.Release|Any CPU.Build.0 = Release|Any CPU
	EndGlobalSection
	GlobalSection(SolutionProperties) = preSolution
		HideSolutionNode = FALSE
	EndGlobalSection
	GlobalSection(ExtensibilityGlobals) = postSolution
		SolutionGuid = {72BF31B9-1CB5-4487-B52F-68B34241C580}
	EndGlobalSection
EndGlobal
